PODS:
  - KeyHolder (4.1.0):
    - Magnet (~> 3.3.0)
  - LetsMove (1.25)
  - Magnet (3.3.0):
    - Sauce (~> 2.2.0)
  - PINCache (3.0.3):
    - PINCache/Arc-exception-safe (= 3.0.3)
    - PINCache/Core (= 3.0.3)
  - PINCache/Arc-exception-safe (3.0.3):
    - PINCache/Core
  - PINCache/Core (3.0.3):
    - PINOperation (~> 1.2.1)
  - PINOperation (1.2.2)
  - Realm (10.38.0):
    - Realm/Headers (= 10.38.0)
  - Realm/Headers (10.38.0)
  - RealmSwift (10.38.0):
    - Realm (= 10.38.0)
  - RxCocoa (6.5.0):
    - RxRelay (= 6.5.0)
    - RxSwift (= 6.5.0)
  - RxOptional (5.0.2):
    - RxCocoa (~> 6.0)
    - RxSwift (~> 6.0)
  - RxRelay (6.5.0):
    - RxSwift (= 6.5.0)
  - RxScreeen (2.1.0):
    - RxCocoa (~> 6.0)
    - RxSwift (~> 6.0)
    - Screeen (~> 2.0.1)
  - RxSwift (6.5.0)
  - Sauce (2.2.0)
  - Screeen (2.0.1)
  - SwiftGen (6.6.2)
  - SwiftLint (0.51.0)

DEPENDENCIES:
  - KeyHolder
  - LetsMove
  - PINCache
  - RealmSwift
  - RxCocoa
  - RxOptional
  - RxScreeen
  - RxSwift
  - Sauce
  - SwiftGen
  - SwiftLint

SPEC REPOS:
  trunk:
    - KeyHolder
    - LetsMove
    - Magnet
    - PINCache
    - PINOperation
    - Realm
    - RealmSwift
    - RxCocoa
    - RxOptional
    - RxRelay
    - RxScreeen
    - RxSwift
    - Sauce
    - Screeen
    - SwiftGen
    - SwiftLint

SPEC CHECKSUMS:
  KeyHolder: 7fce073043392cddc3e3126f3f9bdaa5ecf1f19e
  LetsMove: 7b9fe44737707d984fbd3f47af46609a9a07b461
  Magnet: a44a5a14eecc77433cbaad1431b78f7d20725bf2
  PINCache: 7a8fc1a691173d21dbddbf86cd515de6efa55086
  PINOperation: daa34d4aa1d8449089be7d405b9d974abc4724c6
  Realm: 5902885dd1d5e71b0b020830caab937ecdf5bf07
  RealmSwift: 0fc037d6c32c7c4fc9362892380f380114ecdcf0
  RxCocoa: 94f817b71c07517321eb4f9ad299112ca8af743b
  RxOptional: 3664964c96b69dd20c9cf78bdfe546615e26eca8
  RxRelay: 1de1523e604c72b6c68feadedd1af3b1b4d0ecbd
  RxScreeen: 18efe5daecca6db6e7e18400c436fb4d252a2f7b
  RxSwift: 5710a9e6b17f3c3d6e40d6e559b9fa1e813b2ef8
  Sauce: 3ade51738563f86b08888cf4b91ae5943012088b
  Screeen: e5c570d3df139b8d5d0e1ffd41094204787d9f1a
  SwiftGen: 1366a7f71aeef49954ca5a63ba4bef6b0f24138c
  SwiftLint: 1b7561918a19e23bfed960e40759086e70f4dba5

PODFILE CHECKSUM: 05a263dd3d32b896a26a6581bc6f4639d2d6b3a8

COCOAPODS: 1.12.1
